
Microsoft Visual Studio Solution File, Format Version 12.00
# Visual Studio Version 17
VisualStudioVersion = 17.14.36811.4 d17.14
MinimumVisualStudioVersion = 10.0.40219.1
Project("{FAE04EC0-301F-11D3-BF4B-00C04F79EFBC}") = "TimeTrackOfGeniuses", "TimeTrackOfGeniuses\TimeTrackOfGeniuses.csproj", "{CE712EBC-84DA-4B76-BF77-8674F68928AD}"
EndProject
Global
	GlobalSection(SolutionConfigurationPlatforms) = preSolution
		Debug|Any CPU = Debug|Any CPU
		Release|Any CPU = Release|Any CPU
	EndGlobalSection
	GlobalSection(ProjectConfigurationPlatforms) = postSolution
		{CE712EBC-84DA-4B76-BF77-8674F68928AD}.Debug|Any CPU.ActiveCfg = Debug|Any CPU
		{CE712EBC-84DA-4B76-BF77-8674F68928AD}.Debug|Any CPU.Build.0 = Debug|Any CPU
		{CE712EBC-84DA-4B76-BF77-8674F68928AD}.Release|Any CPU.ActiveCfg = Release|Any CPU
		{CE712EBC-84DA-4B76-BF77-8674F68928AD}.Release|Any CPU.Build.0 = Release|Any CPU
	EndGlobalSection
	GlobalSection(SolutionProperties) = preSolution
		HideSolutionNode = FALSE
	EndGlobalSection
	GlobalSection(ExtensibilityGlobals) = postSolution
		SolutionGuid = {DA34E6C8-24A5-46FB-AE39-3311C4AE288B}
	EndGlobalSection
EndGlobal
